{
    "name": "font-awesome-animation",
    "version": "0.0.10",
    "lockfileVersion": 1,
    "dependencies": {
        "abbrev": {
            "version": "1.1.1",
            "resolved": "https://registry.npmjs.org/abbrev/-/abbrev-1.1.1.tgz",
            "integrity": "sha512-nne9/IiQ/hzIhY6pdDnbBtz7DjPTKrY00P/zvPSm5pOFkl6xuGrGnXn/VtTNNfNtAfZ9/1RtehkszU9qcTii0Q==",
            "dev": true
        },
        "amdefine": {
            "version": "1.0.1",
            "resolved": "https://registry.npmjs.org/amdefine/-/amdefine-1.0.1.tgz",
            "integrity": "sha1-SlKCrBZHKek2Gbz9OtFR+BfOkfU=",
            "dev": true
        },
        "ansi-styles": {
            "version": "1.0.0",
            "resolved": "https://registry.npmjs.org/ansi-styles/-/ansi-styles-1.0.0.tgz",
            "integrity": "sha1-yxAt8cVvUSPquLZ817mAJ6AnkXg=",
            "dev": true
        },
        "argparse": {
            "version": "0.1.16",
            "resolved": "https://registry.npmjs.org/argparse/-/argparse-0.1.16.tgz",
            "integrity": "sha1-z9AeD7uj1srtBJ+9dY1A9lGW9Xw=",
            "dev": true,
            "dependencies": {
                "underscore.string": {
                    "version": "2.4.0",
                    "resolved": "https://registry.npmjs.org/underscore.string/-/underscore.string-2.4.0.tgz",
                    "integrity": "sha1-jN2PusTi0uoefi6Al8QvRCKA+Fs=",
                    "dev": true
                }
            }
        },
        "async": {
            "version": "0.1.22",
            "resolved": "https://registry.npmjs.org/async/-/async-0.1.22.tgz",
            "integrity": "sha1-D8GqoIig4+8Ovi2IMbqw3PiEUGE=",
            "dev": true
        },
        "autoprefixer": {
            "version": "0.8.20131213",
            "resolved": "https://registry.npmjs.org/autoprefixer/-/autoprefixer-0.8.20131213.tgz",
            "integrity": "sha1-/gqRZldgh+KBl1i9Cd32KFn9og0=",
            "dev": true
        },
        "balanced-match": {
            "version": "0.0.0",
            "resolved": "https://registry.npmjs.org/balanced-match/-/balanced-match-0.0.0.tgz",
            "integrity": "sha1-hu/DKuWDSWwcH7tRzWSN4DY+uwM=",
            "dev": true
        },
        "buffer-crc32": {
            "version": "0.1.1",
            "resolved": "https://registry.npmjs.org/buffer-crc32/-/buffer-crc32-0.1.1.tgz",
            "integrity": "sha1-fhENyZU5CKt8MqzccMn5RbHLxSY=",
            "dev": true
        },
        "bytes": {
            "version": "0.1.0",
            "resolved": "https://registry.npmjs.org/bytes/-/bytes-0.1.0.tgz",
            "integrity": "sha1-xXSBIigSbWNp0VdpJahXnbP45aI=",
            "dev": true
        },
        "chalk": {
            "version": "0.4.0",
            "resolved": "https://registry.npmjs.org/chalk/-/chalk-0.4.0.tgz",
            "integrity": "sha1-UZmj3c0MHv4jvAjBsCewYXbgxk8=",
            "dev": true
        },
        "clean-css": {
            "version": "2.0.8",
            "resolved": "https://registry.npmjs.org/clean-css/-/clean-css-2.0.8.tgz",
            "integrity": "sha1-6TfN/cxXgaAIF67EB56Fs+wVeiA=",
            "dev": true,
            "dependencies": {
                "commander": {
                    "version": "2.0.0",
                    "resolved": "https://registry.npmjs.org/commander/-/commander-2.0.0.tgz",
                    "integrity": "sha1-0bhvkB+LZL2UG96tr5JFMDk76Sg=",
                    "dev": true
                }
            }
        },
        "clone": {
            "version": "1.0.2",
            "resolved": "https://registry.npmjs.org/clone/-/clone-1.0.2.tgz",
            "integrity": "sha1-Jgt6meux7f4kdTgXX3gyQ8sZ0Uk=",
            "dev": true
        },
        "coffee-script": {
            "version": "1.3.3",
            "resolved": "https://registry.npmjs.org/coffee-script/-/coffee-script-1.3.3.tgz",
            "integrity": "sha1-FQ1rTLUiiUNp7+1qIQHCC8f0pPQ=",
            "dev": true
        },
        "color": {
            "version": "0.11.4",
            "resolved": "https://registry.npmjs.org/color/-/color-0.11.4.tgz",
            "integrity": "sha1-bXtcdPtl6EHNSHkq0e1eB7kE12Q=",
            "dev": true
        },
        "color-convert": {
            "version": "1.9.0",
            "resolved": "https://registry.npmjs.org/color-convert/-/color-convert-1.9.0.tgz",
            "integrity": "sha1-Gsz5fdc5uYO/mU1W/sj5WFNkG3o=",
            "dev": true
        },
        "color-name": {
            "version": "1.1.3",
            "resolved": "https://registry.npmjs.org/color-name/-/color-name-1.1.3.tgz",
            "integrity": "sha1-p9BVi9icQveV3UIyj3QIMcpTvCU=",
            "dev": true
        },
        "color-parser": {
            "version": "0.1.0",
            "resolved": "https://registry.npmjs.org/color-parser/-/color-parser-0.1.0.tgz",
            "integrity": "sha1-jhfJPKAsx7TZmNmyDMawyOHOGco=",
            "dev": true
        },
        "color-string": {
            "version": "0.3.0",
            "resolved": "https://registry.npmjs.org/color-string/-/color-string-0.3.0.tgz",
            "integrity": "sha1-J9RvtnAlxcL6JZk7+/V55HhBuZE=",
            "dev": true
        },
        "colors": {
            "version": "0.6.2",
            "resolved": "https://registry.npmjs.org/colors/-/colors-0.6.2.tgz",
            "integrity": "sha1-JCP+ZnisDF2uiFLl0OW+CMmXq8w=",
            "dev": true
        },
        "commander": {
            "version": "0.6.1",
            "resolved": "https://registry.npmjs.org/commander/-/commander-0.6.1.tgz",
            "integrity": "sha1-+mihT2qUXVTbvlDYzbMyDp47GgY=",
            "dev": true
        },
        "concat-stream": {
            "version": "github:visionmedia/node-concat-stream#62a697af07707728d5e5a859df1c2e598b32f8b2",
            "dev": true
        },
        "connect": {
            "version": "2.7.2",
            "resolved": "https://registry.npmjs.org/connect/-/connect-2.7.2.tgz",
            "integrity": "sha1-EXmUY72qr5nV+b7xM78kILJuJoA=",
            "dev": true
        },
        "connect-livereload": {
            "version": "0.2.0",
            "resolved": "https://registry.npmjs.org/connect-livereload/-/connect-livereload-0.2.0.tgz",
            "integrity": "sha1-dXPPWHhG3/0Co+ZeMSK0cN1hXsk=",
            "dev": true
        },
        "convert-source-map": {
            "version": "0.3.5",
            "resolved": "https://registry.npmjs.org/convert-source-map/-/convert-source-map-0.3.5.tgz",
            "integrity": "sha1-8dgClQr33SYxof6+BZZVDIarMZA=",
            "dev": true
        },
        "cookie": {
            "version": "0.0.5",
            "resolved": "https://registry.npmjs.org/cookie/-/cookie-0.0.5.tgz",
            "integrity": "sha1-+az521frdWjJ/MWWJWt7si4wfIE=",
            "dev": true
        },
        "cookie-signature": {
            "version": "0.0.1",
            "resolved": "https://registry.npmjs.org/cookie-signature/-/cookie-signature-0.0.1.tgz",
            "integrity": "sha1-E9NgO1z2O++/haiAHjeqkA20aYU=",
            "dev": true
        },
        "css": {
            "version": "1.6.0",
            "resolved": "https://registry.npmjs.org/css/-/css-1.6.0.tgz",
            "integrity": "sha1-wG//CvuzE/zlvOBw12UxpsjTAKo=",
            "dev": true,
            "dependencies": {
                "css-parse": {
                    "version": "1.7.0",
                    "resolved": "https://registry.npmjs.org/css-parse/-/css-parse-1.7.0.tgz",
                    "integrity": "sha1-Mh9s9zeCpv91ERE5D8BeLGV9jJs=",
                    "dev": true
                }
            }
        },
        "css-color-function": {
            "version": "1.3.0",
            "resolved": "https://registry.npmjs.org/css-color-function/-/css-color-function-1.3.0.tgz",
            "integrity": "sha1-csdnuvl48BuKipT0Lxe6XSKndvw=",
            "dev": true,
            "dependencies": {
                "balanced-match": {
                    "version": "0.1.0",
                    "resolved": "https://registry.npmjs.org/balanced-match/-/balanced-match-0.1.0.tgz",
                    "integrity": "sha1-tQS9BYabOSWd0MXvw12EMXbczEo=",
                    "dev": true
                },
                "debug": {
                    "version": "0.7.4",
                    "resolved": "https://registry.npmjs.org/debug/-/debug-0.7.4.tgz",
                    "integrity": "sha1-BuHqgILCyxTjmAbiLi9vdX+Srzk=",
                    "dev": true
                }
            }
        },
        "css-parse": {
            "version": "1.6.0",
            "resolved": "https://registry.npmjs.org/css-parse/-/css-parse-1.6.0.tgz",
            "integrity": "sha1-uPwkFvjthZxfv3kchrnrwCJYmM4=",
            "dev": true
        },
        "css-stringify": {
            "version": "1.4.1",
            "resolved": "https://registry.npmjs.org/css-stringify/-/css-stringify-1.4.1.tgz",
            "integrity": "sha1-JSzL8D9yOgCb3Ydw/n6ydBca/fo=",
            "dev": true
        },
        "date-time": {
            "version": "0.1.1",
            "resolved": "https://registry.npmjs.org/date-time/-/date-time-0.1.1.tgz",
            "integrity": "sha1-7S9tk9l5DOL9ZtW1/z7dW7y/Owc=",
            "dev": true
        },
        "dateformat": {
            "version": "1.0.2-1.2.3",
            "resolved": "https://registry.npmjs.org/dateformat/-/dateformat-1.0.2-1.2.3.tgz",
            "integrity": "sha1-sCIMAt6YYXQztyhRz0fePfLNvuk=",
            "dev": true
        },
        "debug": {
            "version": "3.1.0",
            "resolved": "https://registry.npmjs.org/debug/-/debug-3.1.0.tgz",
            "integrity": "sha512-OX8XqP7/1a9cqkxYw2yXss15f26NKWBpDXQd0/uK/KPqdQhxbPa994hnzjcE2VqQpDslf55723cKPUOGSmMY3g==",
            "dev": true
        },
        "each-async": {
            "version": "0.1.3",
            "resolved": "https://registry.npmjs.org/each-async/-/each-async-0.1.3.tgz",
            "integrity": "sha1-tDYCWwjaL4ZggCVRnjCWdj3t/KM=",
            "dev": true
        },
        "esprima": {
            "version": "1.0.4",
            "resolved": "https://registry.npmjs.org/esprima/-/esprima-1.0.4.tgz",
            "integrity": "sha1-n1V+CPw7TSbs6d00+Pv0drYlha0=",
            "dev": true
        },
        "eventemitter2": {
            "version": "0.4.14",
            "resolved": "https://registry.npmjs.org/eventemitter2/-/eventemitter2-0.4.14.tgz",
            "integrity": "sha1-j2G3XN4BKy6esoTUVFWDtWQ7Yas=",
            "dev": true
        },
        "exit": {
            "version": "0.1.2",
            "resolved": "https://registry.npmjs.org/exit/-/exit-0.1.2.tgz",
            "integrity": "sha1-BjJjj42HfMghB9MKD/8aF8uhzQw=",
            "dev": true
        },
        "express": {
            "version": "3.0.6",
            "resolved": "https://registry.npmjs.org/express/-/express-3.0.6.tgz",
            "integrity": "sha1-0nT8uGi5V4i/SvYhaNddE/132LQ=",
            "dev": true
        },
        "faye-websocket": {
            "version": "0.4.4",
            "resolved": "https://registry.npmjs.org/faye-websocket/-/faye-websocket-0.4.4.tgz",
            "integrity": "sha1-wUxbO/FNdBf/v9mQwKdJXNnzN7w=",
            "dev": true
        },
        "findup-sync": {
            "version": "0.1.3",
            "resolved": "https://registry.npmjs.org/findup-sync/-/findup-sync-0.1.3.tgz",
            "integrity": "sha1-fz56l7gjksZTvwZYm9hRkOk8NoM=",
            "dev": true,
            "dependencies": {
                "glob": {
                    "version": "3.2.11",
                    "resolved": "https://registry.npmjs.org/glob/-/glob-3.2.11.tgz",
                    "integrity": "sha1-Spc/Y1uRkPcV0QmH1cAP0oFevj0=",
                    "dev": true
                },
                "lodash": {
                    "version": "2.4.2",
                    "resolved": "https://registry.npmjs.org/lodash/-/lodash-2.4.2.tgz",
                    "integrity": "sha1-+t2DS5aDBz2hebPq5tnA0VBT9z4=",
                    "dev": true
                },
                "minimatch": {
                    "version": "0.3.0",
                    "resolved": "https://registry.npmjs.org/minimatch/-/minimatch-0.3.0.tgz",
                    "integrity": "sha1-J12O2qxPG7MyZHIInnlJyDlGmd0=",
                    "dev": true
                }
            }
        },
        "formidable": {
            "version": "1.0.11",
            "resolved": "https://registry.npmjs.org/formidable/-/formidable-1.0.11.tgz",
            "integrity": "sha1-aPYzJaA15kS297s9ESQ7l2HeGzA=",
            "dev": true
        },
        "fresh": {
            "version": "0.1.0",
            "resolved": "https://registry.npmjs.org/fresh/-/fresh-0.1.0.tgz",
            "integrity": "sha1-A+SwF4Qk5MLV0ZpU2IFM3JeTSFA=",
            "dev": true
        },
        "gaze": {
            "version": "0.4.3",
            "resolved": "https://registry.npmjs.org/gaze/-/gaze-0.4.3.tgz",
            "integrity": "sha1-5Tj0/15P5kj0c6l+HrslPS3hJ7U=",
            "dev": true
        },
        "getobject": {
            "version": "0.1.0",
            "resolved": "https://registry.npmjs.org/getobject/-/getobject-0.1.0.tgz",
            "integrity": "sha1-BHpEl4n6Fg0Bj1SG7ZEyC27HiFw=",
            "dev": true
        },
        "glob": {
            "version": "3.1.21",
            "resolved": "https://registry.npmjs.org/glob/-/glob-3.1.21.tgz",
            "integrity": "sha1-0p4KBV3qUTj00H7UDomC6DwgZs0=",
            "dev": true,
            "dependencies": {
                "inherits": {
                    "version": "1.0.2",
                    "resolved": "https://registry.npmjs.org/inherits/-/inherits-1.0.2.tgz",
                    "integrity": "sha1-ykMJ2t7mtUzAuNJH6NfHoJdb3Js=",
                    "dev": true
                }
            }
        },
        "globule": {
            "version": "0.1.0",
            "resolved": "https://registry.npmjs.org/globule/-/globule-0.1.0.tgz",
            "integrity": "sha1-2cjt3h2nnRJaFRt5UzuXhnY0auU=",
            "dev": true,
            "dependencies": {
                "lodash": {
                    "version": "1.0.2",
                    "resolved": "https://registry.npmjs.org/lodash/-/lodash-1.0.2.tgz",
                    "integrity": "sha1-j1dWDIO1n8JwvT1WG2kAQ0MOJVE=",
                    "dev": true
                }
            }
        },
        "graceful-fs": {
            "version": "1.2.3",
            "resolved": "https://registry.npmjs.org/graceful-fs/-/graceful-fs-1.2.3.tgz",
            "integrity": "sha1-FaSAaldUfLLS2/J/QuiajDRRs2Q=",
            "dev": true
        },
        "grunt": {
            "version": "0.4.5",
            "resolved": "https://registry.npmjs.org/grunt/-/grunt-0.4.5.tgz",
            "integrity": "sha1-VpN81RlDJK3/bSB2MYMqnWuk5/A=",
            "dev": true
        },
        "grunt-contrib-clean": {
            "version": "0.5.0",
            "resolved": "https://registry.npmjs.org/grunt-contrib-clean/-/grunt-contrib-clean-0.5.0.tgz",
            "integrity": "sha1-9T397ghJsce0Dp67umn0jExgecU=",
            "dev": true
        },
        "grunt-contrib-concat": {
            "version": "0.3.0",
            "resolved": "https://registry.npmjs.org/grunt-contrib-concat/-/grunt-contrib-concat-0.3.0.tgz",
            "integrity": "sha1-SPoNQzbSm2U62CJaa9b4VrRIPjI=",
            "dev": true
        },
        "grunt-contrib-cssmin": {
            "version": "0.7.0",
            "resolved": "https://registry.npmjs.org/grunt-contrib-cssmin/-/grunt-contrib-cssmin-0.7.0.tgz",
            "integrity": "sha1-pXNenx0mMUnkn+A1KU5CnYxnC6s=",
            "dev": true
        },
        "grunt-contrib-watch": {
            "version": "0.5.3",
            "resolved": "https://registry.npmjs.org/grunt-contrib-watch/-/grunt-contrib-watch-0.5.3.tgz",
            "integrity": "sha1-fZ61Rl1Qb6FPqspH5uh5CoLBye4=",
            "dev": true
        },
        "grunt-express": {
            "version": "1.2.0",
            "resolved": "https://registry.npmjs.org/grunt-express/-/grunt-express-1.2.0.tgz",
            "integrity": "sha1-tGc5YWhuwgUx7qg+qE1NQ0k/Y7Y=",
            "dev": true,
            "dependencies": {
                "buffer-crc32": {
                    "version": "0.2.1",
                    "resolved": "https://registry.npmjs.org/buffer-crc32/-/buffer-crc32-0.2.1.tgz",
                    "integrity": "sha1-vj5TgvwCttYySVasGvmKqYsIU0w=",
                    "dev": true
                },
                "bytes": {
                    "version": "0.2.0",
                    "resolved": "https://registry.npmjs.org/bytes/-/bytes-0.2.0.tgz",
                    "integrity": "sha1-qtM+wU49wsp06OfUUfm6BTrU96A=",
                    "dev": true
                },
                "connect": {
                    "version": "2.7.11",
                    "resolved": "https://registry.npmjs.org/connect/-/connect-2.7.11.tgz",
                    "integrity": "sha1-9WHV7vcLjXGcOX9yTTS6QGXHej4=",
                    "dev": true
                },
                "cookie-signature": {
                    "version": "1.0.1",
                    "resolved": "https://registry.npmjs.org/cookie-signature/-/cookie-signature-1.0.1.tgz",
                    "integrity": "sha1-ROByFIrwHm6OJK+/EmkNaK5pjss=",
                    "dev": true
                },
                "formidable": {
                    "version": "1.0.14",
                    "resolved": "https://registry.npmjs.org/formidable/-/formidable-1.0.14.tgz",
                    "integrity": "sha1-Kz9MQRy7X91pXESEPiojUUpDIxo=",
                    "dev": true
                },
                "lodash": {
                    "version": "1.3.1",
                    "resolved": "https://registry.npmjs.org/lodash/-/lodash-1.3.1.tgz",
                    "integrity": "sha1-pGY7U2hriV/wdOK6UE37dqjit3A=",
                    "dev": true
                },
                "mime": {
                    "version": "1.2.11",
                    "resolved": "https://registry.npmjs.org/mime/-/mime-1.2.11.tgz",
                    "integrity": "sha1-WCA+7Ybjpe8XrtK32evUfwpg3RA=",
                    "dev": true
                },
                "qs": {
                    "version": "0.6.5",
                    "resolved": "https://registry.npmjs.org/qs/-/qs-0.6.5.tgz",
                    "integrity": "sha1-KUsmjksNQlD23eGbO4s0k13/FO8=",
                    "dev": true
                },
                "send": {
                    "version": "0.1.1",
                    "resolved": "https://registry.npmjs.org/send/-/send-0.1.1.tgz",
                    "integrity": "sha1-C8/L0D3vbi2GEuGr+PSJW0UMYMg=",
                    "dev": true
                }
            }
        },
        "grunt-legacy-log": {
            "version": "0.1.3",
            "resolved": "https://registry.npmjs.org/grunt-legacy-log/-/grunt-legacy-log-0.1.3.tgz",
            "integrity": "sha1-7ClCboAwIa9ZAp+H0vnNczWgVTE=",
            "dev": true,
            "dependencies": {
                "lodash": {
                    "version": "2.4.2",
                    "resolved": "https://registry.npmjs.org/lodash/-/lodash-2.4.2.tgz",
                    "integrity": "sha1-+t2DS5aDBz2hebPq5tnA0VBT9z4=",
                    "dev": true
                },
                "underscore.string": {
                    "version": "2.3.3",
                    "resolved": "https://registry.npmjs.org/underscore.string/-/underscore.string-2.3.3.tgz",
                    "integrity": "sha1-ccCL9rQosRM/N+ePo6Icgvcymw0=",
                    "dev": true
                }
            }
        },
        "grunt-legacy-log-utils": {
            "version": "0.1.1",
            "resolved": "https://registry.npmjs.org/grunt-legacy-log-utils/-/grunt-legacy-log-utils-0.1.1.tgz",
            "integrity": "sha1-wHBrndkGThFvNvI/5OawSGcsD34=",
            "dev": true,
            "dependencies": {
                "lodash": {
                    "version": "2.4.2",
                    "resolved": "https://registry.npmjs.org/lodash/-/lodash-2.4.2.tgz",
                    "integrity": "sha1-+t2DS5aDBz2hebPq5tnA0VBT9z4=",
                    "dev": true
                },
                "underscore.string": {
                    "version": "2.3.3",
                    "resolved": "https://registry.npmjs.org/underscore.string/-/underscore.string-2.3.3.tgz",
                    "integrity": "sha1-ccCL9rQosRM/N+ePo6Icgvcymw0=",
                    "dev": true
                }
            }
        },
        "grunt-legacy-util": {
            "version": "0.2.0",
            "resolved": "https://registry.npmjs.org/grunt-legacy-util/-/grunt-legacy-util-0.2.0.tgz",
            "integrity": "sha1-kzJIhNv343qf98Am3/RR2UqeVUs=",
            "dev": true
        },
        "grunt-lib-contrib": {
            "version": "0.6.1",
            "resolved": "https://registry.npmjs.org/grunt-lib-contrib/-/grunt-lib-contrib-0.6.1.tgz",
            "integrity": "sha1-P1att9oG6BR5XuJBWw6+X7iQPrs=",
            "dev": true
        },
        "grunt-myth": {
            "version": "0.2.0",
            "resolved": "https://registry.npmjs.org/grunt-myth/-/grunt-myth-0.2.0.tgz",
            "integrity": "sha1-zGOCSATkkZ0jqIcJ2fKNpXsF4R4=",
            "dev": true
        },
        "has-color": {
            "version": "0.1.7",
            "resolved": "https://registry.npmjs.org/has-color/-/has-color-0.1.7.tgz",
            "integrity": "sha1-ZxRKUmDDT8PMpnfQQdr1L+e3iy8=",
            "dev": true
        },
        "hooker": {
            "version": "0.2.3",
            "resolved": "https://registry.npmjs.org/hooker/-/hooker-0.2.3.tgz",
            "integrity": "sha1-uDT3I8xKJCqmWWNFnfbZhMXT2Vk=",
            "dev": true
        },
        "hsb2rgb": {
            "version": "1.0.2",
            "resolved": "https://registry.npmjs.org/hsb2rgb/-/hsb2rgb-1.0.2.tgz",
            "integrity": "sha1-MY6sLclPAu6MT9BY7u7WDRLbV7k=",
            "dev": true
        },
        "iconv-lite": {
            "version": "0.2.11",
            "resolved": "https://registry.npmjs.org/iconv-lite/-/iconv-lite-0.2.11.tgz",
            "integrity": "sha1-HOYKOleGSiktEyH/RgnKS7llrcg=",
            "dev": true
        },
        "inherits": {
            "version": "2.0.3",
            "resolved": "https://registry.npmjs.org/inherits/-/inherits-2.0.3.tgz",
            "integrity": "sha1-Yzwsg+PaQqUC9SRmAiSA9CCCYd4=",
            "dev": true
        },
        "js-yaml": {
            "version": "2.0.5",
            "resolved": "https://registry.npmjs.org/js-yaml/-/js-yaml-2.0.5.tgz",
            "integrity": "sha1-olrmUJmZ6X3yeMZxnaEb0Gh3Q6g=",
            "dev": true
        },
        "jshint-stylish": {
            "version": "0.1.5",
            "resolved": "https://registry.npmjs.org/jshint-stylish/-/jshint-stylish-0.1.5.tgz",
            "integrity": "sha1-1Btu744GpN37NlQL9lk/4xuYcjY=",
            "dev": true
        },
        "load-grunt-config": {
            "version": "0.7.2",
            "resolved": "https://registry.npmjs.org/load-grunt-config/-/load-grunt-config-0.7.2.tgz",
            "integrity": "sha1-/0DHaNBRvtxI4ERTw1lxiRRpWmY=",
            "dev": true,
            "dependencies": {
                "glob": {
                    "version": "3.2.11",
                    "resolved": "https://registry.npmjs.org/glob/-/glob-3.2.11.tgz",
                    "integrity": "sha1-Spc/Y1uRkPcV0QmH1cAP0oFevj0=",
                    "dev": true
                },
                "globule": {
                    "version": "0.2.0",
                    "resolved": "https://registry.npmjs.org/globule/-/globule-0.2.0.tgz",
                    "integrity": "sha1-JrZNEOHtyrYJjY/gC9K3PMoIqPs=",
                    "dev": true,
                    "dependencies": {
                        "minimatch": {
                            "version": "0.2.14",
                            "resolved": "https://registry.npmjs.org/minimatch/-/minimatch-0.2.14.tgz",
                            "integrity": "sha1-x054BXT2PG+aCQ6Q775u9TpqdWo=",
                            "dev": true
                        }
                    }
                },
                "js-yaml": {
                    "version": "3.0.2",
                    "resolved": "https://registry.npmjs.org/js-yaml/-/js-yaml-3.0.2.tgz",
                    "integrity": "sha1-mTeGX46Jel6JTnPCxc8uibMut3E=",
                    "dev": true
                },
                "load-grunt-tasks": {
                    "version": "0.3.0",
                    "resolved": "https://registry.npmjs.org/load-grunt-tasks/-/load-grunt-tasks-0.3.0.tgz",
                    "integrity": "sha1-1Sc+PYaJAZsx2c3ULhaDmdO0VgU=",
                    "dev": true
                },
                "lodash": {
                    "version": "2.4.2",
                    "resolved": "https://registry.npmjs.org/lodash/-/lodash-2.4.2.tgz",
                    "integrity": "sha1-+t2DS5aDBz2hebPq5tnA0VBT9z4=",
                    "dev": true
                },
                "minimatch": {
                    "version": "0.3.0",
                    "resolved": "https://registry.npmjs.org/minimatch/-/minimatch-0.3.0.tgz",
                    "integrity": "sha1-J12O2qxPG7MyZHIInnlJyDlGmd0=",
                    "dev": true
                }
            }
        },
        "load-grunt-tasks": {
            "version": "0.2.1",
            "resolved": "https://registry.npmjs.org/load-grunt-tasks/-/load-grunt-tasks-0.2.1.tgz",
            "integrity": "sha1-Gd+Cq7f6t+xw7MUiLOejAahD2s4=",
            "dev": true
        },
        "lodash": {
            "version": "0.9.2",
            "resolved": "https://registry.npmjs.org/lodash/-/lodash-0.9.2.tgz",
            "integrity": "sha1-jzSZxSRdNG1oLlsNO0B2fgnxqSw=",
            "dev": true
        },
        "lodash-node": {
            "version": "2.4.1",
            "resolved": "https://registry.npmjs.org/lodash-node/-/lodash-node-2.4.1.tgz",
            "integrity": "sha1-6oL3sQDHM9GkKvdoAeUGEF4qgOw=",
            "dev": true
        },
        "lru-cache": {
            "version": "2.7.3",
            "resolved": "https://registry.npmjs.org/lru-cache/-/lru-cache-2.7.3.tgz",
            "integrity": "sha1-bUUk6LlV+V1PW1iFHOId1y+06VI=",
            "dev": true
        },
        "methods": {
            "version": "0.0.1",
            "resolved": "https://registry.npmjs.org/methods/-/methods-0.0.1.tgz",
            "integrity": "sha1-J3yQ+L7zlwlkWoNxxRw7bGSOBow=",
            "dev": true
        },
        "mime": {
            "version": "1.2.6",
            "resolved": "https://registry.npmjs.org/mime/-/mime-1.2.6.tgz",
            "integrity": "sha1-sfhsdowCX6h7SAdfFwnyiuryA2U=",
            "dev": true
        },
        "minimatch": {
            "version": "0.2.14",
            "resolved": "https://registry.npmjs.org/minimatch/-/minimatch-0.2.14.tgz",
            "integrity": "sha1-x054BXT2PG+aCQ6Q775u9TpqdWo=",
            "dev": true
        },
        "mkdirp": {
            "version": "0.3.3",
            "resolved": "https://registry.npmjs.org/mkdirp/-/mkdirp-0.3.3.tgz",
            "integrity": "sha1-WV4lHBNww6aLqyE20ONIuBBa3xM=",
            "dev": true
        },
        "ms": {
            "version": "2.0.0",
            "resolved": "https://registry.npmjs.org/ms/-/ms-2.0.0.tgz",
            "integrity": "sha1-VgiurfwAvmwpAd9fmGF4jeDVl8g=",
            "dev": true
        },
        "myth": {
            "version": "0.3.4",
            "resolved": "https://registry.npmjs.org/myth/-/myth-0.3.4.tgz",
            "integrity": "sha1-A2FLJBQnN9hmEs/laxUUfA8eii8=",
            "dev": true,
            "dependencies": {
                "commander": {
                    "version": "2.1.0",
                    "resolved": "https://registry.npmjs.org/commander/-/commander-2.1.0.tgz",
                    "integrity": "sha1-0SG7roYNmZKj1Re6lvVliOR8Z4E=",
                    "dev": true
                }
            }
        },
        "node-watch": {
            "version": "0.3.4",
            "resolved": "https://registry.npmjs.org/node-watch/-/node-watch-0.3.4.tgz",
            "integrity": "sha1-dV9k71+K1Ky1uv0sTn9PtqjbAhQ=",
            "dev": true
        },
        "nopt": {
            "version": "1.0.10",
            "resolved": "https://registry.npmjs.org/nopt/-/nopt-1.0.10.tgz",
            "integrity": "sha1-bd0hvSoxQXuScn3Vhfim83YI6+4=",
            "dev": true
        },
        "noptify": {
            "version": "0.0.3",
            "resolved": "https://registry.npmjs.org/noptify/-/noptify-0.0.3.tgz",
            "integrity": "sha1-WPZUpz2XU98MUdlobckhBKZ/S7s=",
            "dev": true,
            "dependencies": {
                "nopt": {
                    "version": "2.0.0",
                    "resolved": "https://registry.npmjs.org/nopt/-/nopt-2.0.0.tgz",
                    "integrity": "sha1-ynQW8gpeP5w7hhgPlilfo9C1Lg0=",
                    "dev": true
                }
            }
        },
        "open": {
            "version": "0.0.5",
            "resolved": "https://registry.npmjs.org/open/-/open-0.0.5.tgz",
            "integrity": "sha1-QsPhjslUZra/DcQvOilFw/DK2Pw=",
            "dev": true
        },
        "pad-component": {
            "version": "0.0.1",
            "resolved": "https://registry.npmjs.org/pad-component/-/pad-component-0.0.1.tgz",
            "integrity": "sha1-rR8izhvw/cDW3dkIrxfzUaQEuKw=",
            "dev": true
        },
        "pause": {
            "version": "0.0.1",
            "resolved": "https://registry.npmjs.org/pause/-/pause-0.0.1.tgz",
            "integrity": "sha1-HUCLP9t2kjuVQ9lvtMnf1TXZy10=",
            "dev": true
        },
        "qs": {
            "version": "0.5.1",
            "resolved": "https://registry.npmjs.org/qs/-/qs-0.5.1.tgz",
            "integrity": "sha1-n2v12axsdjhOldNtFbSJgOXkrdA=",
            "dev": true
        },
        "range-parser": {
            "version": "0.0.4",
            "resolved": "https://registry.npmjs.org/range-parser/-/range-parser-0.0.4.tgz",
            "integrity": "sha1-wEJ//vUcEKy6B4KkbJYC50T/Ygs=",
            "dev": true
        },
        "read-file-stdin": {
            "version": "0.0.3",
            "resolved": "https://registry.npmjs.org/read-file-stdin/-/read-file-stdin-0.0.3.tgz",
            "integrity": "sha1-SbeMTCQ89SpIVaHLBQPnAwtn0k0=",
            "dev": true
        },
        "rework": {
            "version": "0.20.3",
            "resolved": "https://registry.npmjs.org/rework/-/rework-0.20.3.tgz",
            "integrity": "sha1-/dsw/ZEY9RCBsEECtQaH0q7jaeg=",
            "dev": true,
            "dependencies": {
                "mime": {
                    "version": "1.2.11",
                    "resolved": "https://registry.npmjs.org/mime/-/mime-1.2.11.tgz",
                    "integrity": "sha1-WCA+7Ybjpe8XrtK32evUfwpg3RA=",
                    "dev": true
                }
            }
        },
        "rework-calc": {
            "version": "0.2.2",
            "resolved": "https://registry.npmjs.org/rework-calc/-/rework-calc-0.2.2.tgz",
            "integrity": "sha1-suspPIyCtds1xarOyfzUyGx8cfs=",
            "dev": true
        },
        "rework-color-function": {
            "version": "1.2.1",
            "resolved": "https://registry.npmjs.org/rework-color-function/-/rework-color-function-1.2.1.tgz",
            "integrity": "sha1-awa37yVQ3yq27XJCDwIoyjxiMh8=",
            "dev": true
        },
        "rework-font-variant": {
            "version": "0.0.3",
            "resolved": "https://registry.npmjs.org/rework-font-variant/-/rework-font-variant-0.0.3.tgz",
            "integrity": "sha1-VYaDrGt4LFPiwUQ6SkDTcf3eXtg=",
            "dev": true
        },
        "rework-hex-alpha": {
            "version": "1.0.0",
            "resolved": "https://registry.npmjs.org/rework-hex-alpha/-/rework-hex-alpha-1.0.0.tgz",
            "integrity": "sha1-4y/vDwdpCPYjWhAs7JvRWtu79KQ=",
            "dev": true,
            "dependencies": {
                "rgb": {
                    "version": "0.0.1",
                    "resolved": "https://registry.npmjs.org/rgb/-/rgb-0.0.1.tgz",
                    "integrity": "sha1-Gd/MjRoUQ2M9VJcjOMHVgVtVbAk=",
                    "dev": true
                }
            }
        },
        "rework-inherit": {
            "version": "0.2.3",
            "resolved": "https://registry.npmjs.org/rework-inherit/-/rework-inherit-0.2.3.tgz",
            "integrity": "sha1-dLn0+fuI2HSIZmQ2OkESiHWHUBY=",
            "dev": true
        },
        "rework-vars": {
            "version": "2.0.3",
            "resolved": "https://registry.npmjs.org/rework-vars/-/rework-vars-2.0.3.tgz",
            "integrity": "sha1-9D9SjDRmi9vhF782OXedWMqejAo=",
            "dev": true
        },
        "rework-visit": {
            "version": "1.0.0",
            "resolved": "https://registry.npmjs.org/rework-visit/-/rework-visit-1.0.0.tgz",
            "integrity": "sha1-mUWygD8hni96ygCtuLyfZA+ELJo=",
            "dev": true
        },
        "rgb": {
            "version": "0.1.0",
            "resolved": "https://registry.npmjs.org/rgb/-/rgb-0.1.0.tgz",
            "integrity": "sha1-vieykej+/+rBvZlylyG/pA/AN7U=",
            "dev": true
        },
        "rimraf": {
            "version": "2.2.8",
            "resolved": "https://registry.npmjs.org/rimraf/-/rimraf-2.2.8.tgz",
            "integrity": "sha1-5Dm+Kq7jJzIZUnMPmaiSnk/FBYI=",
            "dev": true
        },
        "send": {
            "version": "0.1.0",
            "resolved": "https://registry.npmjs.org/send/-/send-0.1.0.tgz",
            "integrity": "sha1-z7COvTzsm3/Bo32f+eh1qXHPRkA=",
            "dev": true
        },
        "sigmund": {
            "version": "1.0.1",
            "resolved": "https://registry.npmjs.org/sigmund/-/sigmund-1.0.1.tgz",
            "integrity": "sha1-P/IfGYytIXX587eBhT/ZTQ0ZtZA=",
            "dev": true
        },
        "source-map": {
            "version": "0.1.43",
            "resolved": "https://registry.npmjs.org/source-map/-/source-map-0.1.43.tgz",
            "integrity": "sha1-wkvBRspRfBRx9drL4lcbK3+eM0Y=",
            "dev": true
        },
        "strip-ansi": {
            "version": "0.1.1",
            "resolved": "https://registry.npmjs.org/strip-ansi/-/strip-ansi-0.1.1.tgz",
            "integrity": "sha1-OeipjQRNFQZgq+SmgIrPcLt7yZE=",
            "dev": true
        },
        "temp": {
            "version": "0.5.1",
            "resolved": "https://registry.npmjs.org/temp/-/temp-0.5.1.tgz",
            "integrity": "sha1-d6sZx5qntZPL5PrCRBdoytmHuN8=",
            "dev": true,
            "dependencies": {
                "rimraf": {
                    "version": "2.1.4",
                    "resolved": "https://registry.npmjs.org/rimraf/-/rimraf-2.1.4.tgz",
                    "integrity": "sha1-Wm62Lu2gaPUe3lDymz5c0i89m7I=",
                    "dev": true
                }
            }
        },
        "text-table": {
            "version": "0.2.0",
            "resolved": "https://registry.npmjs.org/text-table/-/text-table-0.2.0.tgz",
            "integrity": "sha1-f17oI66AUgfACvLfSoTsP8+lcLQ=",
            "dev": true
        },
        "time-grunt": {
            "version": "0.2.10",
            "resolved": "https://registry.npmjs.org/time-grunt/-/time-grunt-0.2.10.tgz",
            "integrity": "sha1-Wo5MsRItL/gaGouxX/i17KwGhZE=",
            "dev": true
        },
        "tiny-lr": {
            "version": "0.0.4",
            "resolved": "https://registry.npmjs.org/tiny-lr/-/tiny-lr-0.0.4.tgz",
            "integrity": "sha1-gGGFR/Y/aX0Fy0DEwsSwg1Ia77Y=",
            "dev": true,
            "dependencies": {
                "debug": {
                    "version": "0.7.4",
                    "resolved": "https://registry.npmjs.org/debug/-/debug-0.7.4.tgz",
                    "integrity": "sha1-BuHqgILCyxTjmAbiLi9vdX+Srzk=",
                    "dev": true
                },
                "qs": {
                    "version": "0.5.6",
                    "resolved": "https://registry.npmjs.org/qs/-/qs-0.5.6.tgz",
                    "integrity": "sha1-MbGtBYVnZRxSaSFQa5qHk5EaA4Q=",
                    "dev": true
                }
            }
        },
        "touch": {
            "version": "0.0.4",
            "resolved": "https://registry.npmjs.org/touch/-/touch-0.0.4.tgz",
            "integrity": "sha1-/BpxA8vg7O5xPROE13Xi+eIcquI=",
            "dev": true
        },
        "underscore": {
            "version": "1.7.0",
            "resolved": "https://registry.npmjs.org/underscore/-/underscore-1.7.0.tgz",
            "integrity": "sha1-a7rwh3UA02vjTsqlhODbn+8DUgk=",
            "dev": true
        },
        "underscore.string": {
            "version": "2.2.1",
            "resolved": "https://registry.npmjs.org/underscore.string/-/underscore.string-2.2.1.tgz",
            "integrity": "sha1-18D6KvXVoaZ/QlPa7pgTLnM/Dxk=",
            "dev": true
        },
        "which": {
            "version": "1.0.9",
            "resolved": "https://registry.npmjs.org/which/-/which-1.0.9.tgz",
            "integrity": "sha1-RgwdoPgQED0DIam2M6+eV15kSG8=",
            "dev": true
        },
        "write-file-stdout": {
            "version": "0.0.2",
            "resolved": "https://registry.npmjs.org/write-file-stdout/-/write-file-stdout-0.0.2.tgz",
            "integrity": "sha1-wlLXx8WxtAKJdjDjRTx7/mkNnKE=",
            "dev": true
        },
        "zlib-browserify": {
            "version": "0.0.1",
            "resolved": "https://registry.npmjs.org/zlib-browserify/-/zlib-browserify-0.0.1.tgz",
            "integrity": "sha1-T6akXQDbwV8xikr6HZr8Aljhdsw=",
            "dev": true
        }
    }
}
